
Microsoft Visual Studio Solution File, Format Version 12.00
# Visual Studio Version 16
VisualStudioVersion = 16.0.30804.86
MinimumVisualStudioVersion = 10.0.40219.1
Project("{FAE04EC0-301F-11D3-BF4B-00C04F79EFBC}") = "TextSortGUI", "TextSortGUI\TextSortGUI.csproj", "{3E85939E-272A-4821-9195-48FC7684FFFC}"
EndProject
Global
	GlobalSection(SolutionConfigurationPlatforms) = preSolution
		Debug|Any CPU = Debug|Any CPU
		Release|Any CPU = Release|Any CPU
	EndGlobalSection
	GlobalSection(ProjectConfigurationPlatforms) = postSolution
		{3E85939E-272A-4821-9195-48FC7684FFFC}.Debug|Any CPU.ActiveCfg = Debug|Any CPU
		{3E85939E-272A-4821-9195-48FC7684FFFC}.Debug|Any CPU.Build.0 = Debug|Any CPU
		{3E85939E-272A-4821-9195-48FC7684FFFC}.Release|Any CPU.ActiveCfg = Release|Any CPU
		{3E85939E-272A-4821-9195-48FC7684FFFC}.Release|Any CPU.Build.0 = Release|Any CPU
	EndGlobalSection
	GlobalSection(SolutionProperties) = preSolution
		HideSolutionNode = FALSE
	EndGlobalSection
	GlobalSection(ExtensibilityGlobals) = postSolution
		SolutionGuid = {8522E53A-9525-4433-8DAE-EF40C9BD0031}
	EndGlobalSection
EndGlobal
